{
  "version": 4,
  "terraform_version": "1.1.9",
  "serial": 46,
  "lineage": "00a12630-e666-cab2-5d03-20bd2d6e2286",
  "outputs": {},
  "resources": [
    {
      "mode": "managed",
      "type": "google_container_cluster",
      "name": "primary",
      "provider": "provider[\"registry.terraform.io/hashicorp/google\"]",
      "instances": [
        {
          "schema_version": 1,
          "attributes": {
            "addons_config": [
              {
                "cloudrun_config": [],
                "gcp_filestore_csi_driver_config": [],
                "horizontal_pod_autoscaling": [],
                "http_load_balancing": [],
                "network_policy_config": [
                  {
                    "disabled": true
                  }
                ]
              }
            ],
            "authenticator_groups_config": [],
            "cluster_autoscaling": [
              {
                "auto_provisioning_defaults": [],
                "enabled": false,
                "resource_limits": []
              }
            ],
            "cluster_ipv4_cidr": "10.100.0.0/14",
            "confidential_nodes": [],
            "database_encryption": [
              {
                "key_name": "",
                "state": "DECRYPTED"
              }
            ],
            "datapath_provider": "",
            "default_max_pods_per_node": null,
            "default_snat_status": [
              {
                "disabled": false
              }
            ],
            "description": "",
            "dns_config": [],
            "enable_autopilot": false,
            "enable_binary_authorization": false,
            "enable_intranode_visibility": false,
            "enable_kubernetes_alpha": false,
            "enable_legacy_abac": false,
            "enable_shielded_nodes": true,
            "enable_tpu": false,
            "endpoint": "34.86.61.65",
            "id": "projects/artful-fragment-346911/locations/us-east4/clusters/my-sec-cluster",
            "initial_node_count": 1,
            "ip_allocation_policy": [],
            "label_fingerprint": "a9dc16a7",
            "location": "us-east4",
            "logging_config": [
              {
                "enable_components": [
                  "SYSTEM_COMPONENTS",
                  "WORKLOADS"
                ]
              }
            ],
            "logging_service": "logging.googleapis.com/kubernetes",
            "maintenance_policy": [],
            "master_auth": [
              {
                "client_certificate": "",
                "client_certificate_config": [
                  {
                    "issue_client_certificate": false
                  }
                ],
                "client_key": "",
                "cluster_ca_certificate": "LS0tLS1CRUdJTiBDRVJUSUZJQ0FURS0tLS0tCk1JSUVMRENDQXBTZ0F3SUJBZ0lRVXNYNGFGSWFwWmtWa2FHQmZlZEVFREFOQmdrcWhraUc5dzBCQVFzRkFEQXYKTVMwd0t3WURWUVFERXlRek9UTmlZMk0zTkMxallqQTFMVFJsTm1ZdE9URXpOUzFrTlRZd09HSmhPVE00WmprdwpJQmNOTWpJd05USXpNRGd6TURVNFdoZ1BNakExTWpBMU1UVXdPVE13TlRoYU1DOHhMVEFyQmdOVkJBTVRKRE01Ck0ySmpZemMwTFdOaU1EVXROR1UyWmkwNU1UTTFMV1ExTmpBNFltRTVNemhtT1RDQ0FhSXdEUVlKS29aSWh2Y04KQVFFQkJRQURnZ0dQQURDQ0FZb0NnZ0dCQUkyN3dpTEFiQ3NRM05JdVhXYnExa1VKZjdwYmZHM0Q0cTJvN2pSagpBM3J4YzRlSi82VCtlaStJOUdFWHlKeEJad2p3eUdTd2F2RW1mOGowSFFNb0J0WTREK3gwNXNaay9wdjIxRGt3CnBDQ3N4WlFvZU5zcjgwUmVNYkpwbEJpV1VJaUdPaTFOYXNPVThmcE02VVBQUi9wekJDRXduM2Q5Szlmc3poOVAKTWc1TUdHVElzbmhiMzg0L0ROamxYaXNqcndTcXpxWHVXWlFhTkI1N0RsNlIyeTRueGdrc0Zya3JTN25NODhtSQo4NDRqcWxsTEpxSjFsQnUzUEhmaC9kZWpPWCtvY1RacXdTdXcwNmtjSVFleVJJRktxTU5XZkpXdWkvSTRmVTF0CnJWckI1WlpCT1cxUVh2bm5wclk2NWhmRGRnb2Fob0lvbTlNTWdEMkFnajV6V1F0RTZuWkxqc2IrcWthVWN5YVUKb1FXc1NJRTN5L2RjZVYzblBUNFVObEUyVU5PWjRHcnJqdDJDZ2hSK09UM0hLVlBTdGhrTFpRNDRRTzZSOXlUSwovOWx0aDVXVDdsbVJvYWhIbEM3NXVydkFHdVFCblJ3bHVxb050Mm5IdTJlejA5VXFDNWk4Y2p5cFlYT0ZwcTNsCm0yUlRiM1g5aHc0eDd1WFJ1NkxZWUltSk1RSURBUUFCbzBJd1FEQU9CZ05WSFE4QkFmOEVCQU1DQWdRd0R3WUQKVlIwVEFRSC9CQVV3QXdFQi96QWRCZ05WSFE0RUZnUVV5Rk9ZMy8zbUJ5VnJCNFlUaitrS09iRHhPRVl3RFFZSgpLb1pJaHZjTkFRRUxCUUFEZ2dHQkFFTzFTZVVDV202Zm9KSXNRaVRDTFhxck9xOGVaTjhvTzB4LytmNEpidTRXCnpoY1NkRjRqWWdvY3dWSkYzcW9nL3orVnpoL3l6bmQvSm5tUGpkeDEzRGtPSEp2SEk1c2hYd1JtMGF6U2FvbXgKcHZwZFBLK2lsOVZHeitLNElKc09GdU1vRWlZdHdpUzZBYkNpMGpPNGdyNGdMR0hrUXpFYy9NOUlvNkZJQklEVQprdXRvT0VydjJab3VmbnJybkZ2K2pwNDN4Z3VRcWlmdkF2M3ZqdXQ1NTc0eDFRQWEwcE9adWtRbG1LTkRCM2YxCmdSNys2TjAvWU96R1k0YVU4ZmI4SjFVNUFBU2ZYQTlsYkxnYnF3dlM5M0lqeHhsUVNtMExuNmdhMmZKNnUyTmcKQmRDZVFLeG5naFBiZjBqN1R0T0lmZVNUTGJGQmU2b0xHOWhVM2JCc2FGVERqSmMvUXJCK0Q4L1pLUStUQkIzcwplVmxEYUNwRjEydXhDWHhndmFBNGhJeW9ZTUlGZENHTGplelgzVzdWaS85RElsSjBNT04wd01LWmhKWTB3NmhjCmtJcHY4cmI3OFdRb1k2bzFmamt3c0p1Z0YyMDdlT05NeFBhdnUzU3FVbVcyU3M3MjJEdFM2WWFOclg3R3dKdFkKUFVFblFQWnBOdlhSSVdONURkU3BSQT09Ci0tLS0tRU5EIENFUlRJRklDQVRFLS0tLS0K"
              }
            ],
            "master_authorized_networks_config": [],
            "master_version": "1.21.11-gke.900",
            "min_master_version": null,
            "monitoring_config": [
              {
                "enable_components": [
                  "SYSTEM_COMPONENTS"
                ]
              }
            ],
            "monitoring_service": "monitoring.googleapis.com/kubernetes",
            "name": "my-sec-cluster",
            "network": "projects/artful-fragment-346911/global/networks/default",
            "network_policy": [
              {
                "enabled": false,
                "provider": "PROVIDER_UNSPECIFIED"
              }
            ],
            "networking_mode": "ROUTES",
            "node_config": [],
            "node_locations": [
              "us-east4-a",
              "us-east4-b",
              "us-east4-c"
            ],
            "node_pool": [],
            "node_version": "1.21.11-gke.900",
            "operation": null,
            "private_cluster_config": [],
            "private_ipv6_google_access": "",
            "project": "artful-fragment-346911",
            "release_channel": [
              {
                "channel": "REGULAR"
              }
            ],
            "remove_default_node_pool": true,
            "resource_labels": null,
            "resource_usage_export_config": [],
            "self_link": "https://container.googleapis.com/v1/projects/artful-fragment-346911/locations/us-east4/clusters/my-sec-cluster",
            "services_ipv4_cidr": "10.103.240.0/20",
            "subnetwork": "projects/artful-fragment-346911/regions/us-east4/subnetworks/default",
            "timeouts": null,
            "tpu_ipv4_cidr_block": "",
            "vertical_pod_autoscaling": [],
            "workload_identity_config": []
          },
          "sensitive_attributes": [],
          "private": "eyJlMmJmYjczMC1lY2FhLTExZTYtOGY4OC0zNDM2M2JjN2M0YzAiOnsiY3JlYXRlIjoyNDAwMDAwMDAwMDAwLCJkZWxldGUiOjI0MDAwMDAwMDAwMDAsInJlYWQiOjI0MDAwMDAwMDAwMDAsInVwZGF0ZSI6MzYwMDAwMDAwMDAwMH0sInNjaGVtYV92ZXJzaW9uIjoiMSJ9"
        }
      ]
    },
    {
      "mode": "managed",
      "type": "google_container_node_pool",
      "name": "primary_preemptible_nodes",
      "provider": "provider[\"registry.terraform.io/hashicorp/google\"]",
      "instances": [
        {
          "schema_version": 1,
          "attributes": {
            "autoscaling": [],
            "cluster": "my-sec-cluster",
            "id": "projects/artful-fragment-346911/locations/us-east4/clusters/my-sec-cluster/nodePools/my-node-pool",
            "initial_node_count": 1,
            "instance_group_urls": [
              "https://www.googleapis.com/compute/v1/projects/artful-fragment-346911/zones/us-east4-b/instanceGroupManagers/gke-my-sec-cluster-my-node-pool-5a32a1cd-grp",
              "https://www.googleapis.com/compute/v1/projects/artful-fragment-346911/zones/us-east4-c/instanceGroupManagers/gke-my-sec-cluster-my-node-pool-693c48b9-grp",
              "https://www.googleapis.com/compute/v1/projects/artful-fragment-346911/zones/us-east4-a/instanceGroupManagers/gke-my-sec-cluster-my-node-pool-445c9328-grp"
            ],
            "location": "us-east4",
            "managed_instance_group_urls": [
              "https://www.googleapis.com/compute/v1/projects/artful-fragment-346911/zones/us-east4-b/instanceGroups/gke-my-sec-cluster-my-node-pool-5a32a1cd-grp",
              "https://www.googleapis.com/compute/v1/projects/artful-fragment-346911/zones/us-east4-c/instanceGroups/gke-my-sec-cluster-my-node-pool-693c48b9-grp",
              "https://www.googleapis.com/compute/v1/projects/artful-fragment-346911/zones/us-east4-a/instanceGroups/gke-my-sec-cluster-my-node-pool-445c9328-grp"
            ],
            "management": [
              {
                "auto_repair": true,
                "auto_upgrade": true
              }
            ],
            "max_pods_per_node": null,
            "name": "my-node-pool",
            "name_prefix": "",
            "node_config": [
              {
                "boot_disk_kms_key": "",
                "disk_size_gb": 100,
                "disk_type": "pd-standard",
                "gcfs_config": [],
                "guest_accelerator": [],
                "gvnic": [],
                "image_type": "COS_CONTAINERD",
                "labels": {},
                "local_ssd_count": 0,
                "machine_type": "e2-micro",
                "metadata": {
                  "disable-legacy-endpoints": "true"
                },
                "min_cpu_platform": "",
                "node_group": "",
                "oauth_scopes": [
                  "https://www.googleapis.com/auth/cloud-platform"
                ],
                "preemptible": true,
                "service_account": "ahmad-service@artful-fragment-346911.iam.gserviceaccount.com",
                "shielded_instance_config": [
                  {
                    "enable_integrity_monitoring": true,
                    "enable_secure_boot": false
                  }
                ],
                "tags": null,
                "taint": [],
                "workload_metadata_config": []
              }
            ],
            "node_count": 1,
            "node_locations": [
              "us-east4-a",
              "us-east4-b",
              "us-east4-c"
            ],
            "operation": null,
            "project": "artful-fragment-346911",
            "timeouts": null,
            "upgrade_settings": [
              {
                "max_surge": 1,
                "max_unavailable": 0
              }
            ],
            "version": "1.21.11-gke.900"
          },
          "sensitive_attributes": [],
          "private": "eyJlMmJmYjczMC1lY2FhLTExZTYtOGY4OC0zNDM2M2JjN2M0YzAiOnsiY3JlYXRlIjoxODAwMDAwMDAwMDAwLCJkZWxldGUiOjE4MDAwMDAwMDAwMDAsInVwZGF0ZSI6MTgwMDAwMDAwMDAwMH0sInNjaGVtYV92ZXJzaW9uIjoiMSJ9",
          "dependencies": [
            "google_container_cluster.primary"
          ]
        }
      ]
    }
  ]
}
